
Microsoft Visual Studio Solution File, Format Version 12.00
# Visual Studio Version 16
VisualStudioVersion = 16.0.31911.196
MinimumVisualStudioVersion = 10.0.40219.1
Project("{FAE04EC0-301F-11D3-BF4B-00C04F79EFBC}") = "WpfApp2", "WpfApp2.csproj", "{E6426567-DC61-4CB0-A4AC-E5AA4E8DE4A5}"
EndProject
Global
	GlobalSection(SolutionConfigurationPlatforms) = preSolution
		Debug|Any CPU = Debug|Any CPU
		Release|Any CPU = Release|Any CPU
	EndGlobalSection
	GlobalSection(ProjectConfigurationPlatforms) = postSolution
		{E6426567-DC61-4CB0-A4AC-E5AA4E8DE4A5}.Debug|Any CPU.ActiveCfg = Debug|Any CPU
		{E6426567-DC61-4CB0-A4AC-E5AA4E8DE4A5}.Debug|Any CPU.Build.0 = Debug|Any CPU
		{E6426567-DC61-4CB0-A4AC-E5AA4E8DE4A5}.Release|Any CPU.ActiveCfg = Release|Any CPU
		{E6426567-DC61-4CB0-A4AC-E5AA4E8DE4A5}.Release|Any CPU.Build.0 = Release|Any CPU
	EndGlobalSection
	GlobalSection(SolutionProperties) = preSolution
		HideSolutionNode = FALSE
	EndGlobalSection
	GlobalSection(ExtensibilityGlobals) = postSolution
		SolutionGuid = {33B5C62D-632A-4354-A3A5-F51E27D695E7}
	EndGlobalSection
EndGlobal
